// !$*UTF8*$!
{
	archiveVersion = 1;
	classes = {
	};
	objectVersion = 42;
	objects = {

/* Begin PBXApplicationTarget section */
		29B97326FDCFA39411CA2CEA /* Tigerlily */ = {
			isa = PBXApplicationTarget;
			buildConfigurationList = AD507D700994FBA600B9E54A /* Build configuration list for PBXApplicationTarget "Tigerlily" */;
			buildPhases = (
				29B97327FDCFA39411CA2CEA /* Headers */,
				29B97328FDCFA39411CA2CEA /* Resources */,
				29B9732BFDCFA39411CA2CEA /* Sources */,
				29B9732DFDCFA39411CA2CEA /* Frameworks */,
			);
			buildSettings = {
				FRAMEWORK_SEARCH_PATHS = "";
				HEADER_SEARCH_PATHS = "";
				LIBRARY_SEARCH_PATHS = "";
				OTHER_CFLAGS = "";
				OTHER_LDFLAGS = "";
				PRODUCT_NAME = Tigerlily;
				SECTORDER_FLAGS = "";
				WARNING_CFLAGS = (
					"-Wmost",
					"-Wno-four-char-constants",
					"-Wno-unknown-pragmas",
				);
				WRAPPER_EXTENSION = app;
			};
			dependencies = (
			);
			name = Tigerlily;
			productName = Tigerlily;
			productReference = 17587328FF379C6511CA2CBB /* Tigerlily.app */;
			productSettingsXML = "<?xml version=\"1.0\" encoding=\"UTF-8\"?>
<!DOCTYPE plist PUBLIC \"-//Apple Computer//DTD PLIST 1.0//EN\" \"http://www.apple.com/DTDs/PropertyList-1.0.dtd\">
<plist version=\"1.0\">
<dict>
	<key>CFBundleDevelopmentRegion</key>
	<string>English</string>
	<key>CFBundleExecutable</key>
	<string>Tigerlily</string>
	<key>CFBundleIconFile</key>
	<string>Tigerlily.icns</string>
	<key>CFBundleInfoDictionaryVersion</key>
	<string>6.0</string>
	<key>CFBundlePackageType</key>
	<string>APPL</string>
	<key>CFBundleSignature</key>
	<string>????</string>
	<key>CFBundleVersion</key>
	<string>0.1</string>
	<key>NSMainNibFile</key>
	<string>MainMenu</string>
	<key>NSPrincipalClass</key>
	<string>NSApplication</string>
</dict>
</plist>
";
		};
/* End PBXApplicationTarget section */

/* Begin PBXBuildFile section */
		080E96DCFE201CFB7F000001 /* MainMenu.nib in Resources */ = {isa = PBXBuildFile; fileRef = 29B97318FDCFA39411CA2CEA /* MainMenu.nib */; };
		089C165EFE840E0CC02AAC07 /* InfoPlist.strings in Resources */ = {isa = PBXBuildFile; fileRef = 089C165CFE840E0CC02AAC07 /* InfoPlist.strings */; };
		1058C7A3FEA54F0111CA2CBB /* Cocoa.framework in Frameworks */ = {isa = PBXBuildFile; fileRef = 1058C7A1FEA54F0111CA2CBB /* Cocoa.framework */; };
		29B9732CFDCFA39411CA2CEA /* main.m in Sources */ = {isa = PBXBuildFile; fileRef = 29B97316FDCFA39411CA2CEA /* main.m */; settings = {ATTRIBUTES = (); }; };
		E936541005A1E98F00FFBBD9 /* extensions in Resources */ = {isa = PBXBuildFile; fileRef = E936528805A1E98F00FFBBD9 /* extensions */; };
		E9365B3F05A1EC9E00FFBBD9 /* TLily in Resources */ = {isa = PBXBuildFile; fileRef = E936598D05A1EC9E00FFBBD9 /* TLily */; };
		E93C6AD104D8F20200E20B96 /* Tigerlily.icns in Resources */ = {isa = PBXBuildFile; fileRef = E93C6AD004D8F20200E20B96 /* Tigerlily.icns */; };
		E9B6B33D05A2350500D0C4D2 /* tlily.global in Resources */ = {isa = PBXBuildFile; fileRef = E9B6B33C05A2350500D0C4D2 /* tlily.global */; };
		E9CC456305A23B120089078B /* tlily.PL in Resources */ = {isa = PBXBuildFile; fileRef = E9CC456205A23B120089078B /* tlily.PL */; };
		F55030FB026B86CD01A80164 /* MainWindow.nib in Resources */ = {isa = PBXBuildFile; fileRef = F55030F9026B86CD01A80164 /* MainWindow.nib */; };
		F5D5A3B3026B2D4801A80164 /* CamelBones.framework in Frameworks */ = {isa = PBXBuildFile; fileRef = F5D5A3B2026B2D4801A80164 /* CamelBones.framework */; };
		F5D5A3B5026B2DF601A80164 /* main.pl in Resources */ = {isa = PBXBuildFile; fileRef = F5D5A3B4026B2DF601A80164 /* main.pl */; };
		F5D5A3B7026B2EB001A80164 /* MyApp.pm in Resources */ = {isa = PBXBuildFile; fileRef = F5D5A3B6026B2EB001A80164 /* MyApp.pm */; };
/* End PBXBuildFile section */

/* Begin PBXBuildStyle section */
		4A9504CCFFE6A4B311CA0CBA /* Development */ = {
			isa = PBXBuildStyle;
			buildSettings = {
				COPY_PHASE_STRIP = NO;
				GCC_DYNAMIC_NO_PIC = NO;
				GCC_ENABLE_FIX_AND_CONTINUE = YES;
				GCC_GENERATE_DEBUGGING_SYMBOLS = YES;
				GCC_OPTIMIZATION_LEVEL = 0;
				OPTIMIZATION_CFLAGS = "-O0";
				ZERO_LINK = YES;
			};
			name = Development;
		};
		4A9504CDFFE6A4B311CA0CBA /* Deployment */ = {
			isa = PBXBuildStyle;
			buildSettings = {
				COPY_PHASE_STRIP = YES;
				GCC_ENABLE_FIX_AND_CONTINUE = NO;
				ZERO_LINK = NO;
			};
			name = Deployment;
		};
/* End PBXBuildStyle section */

/* Begin PBXFileReference section */
		089C165DFE840E0CC02AAC07 /* English */ = {isa = PBXFileReference; fileEncoding = 10; lastKnownFileType = text.plist.strings; name = English; path = English.lproj/InfoPlist.strings; sourceTree = "<group>"; };
		1058C7A1FEA54F0111CA2CBB /* Cocoa.framework */ = {isa = PBXFileReference; lastKnownFileType = wrapper.framework; name = Cocoa.framework; path = /System/Library/Frameworks/Cocoa.framework; sourceTree = "<absolute>"; };
		17587328FF379C6511CA2CBB /* Tigerlily.app */ = {isa = PBXFileReference; explicitFileType = wrapper.application; path = Tigerlily.app; sourceTree = BUILT_PRODUCTS_DIR; };
		29B97316FDCFA39411CA2CEA /* main.m */ = {isa = PBXFileReference; fileEncoding = 30; lastKnownFileType = sourcecode.c.objc; path = main.m; sourceTree = "<group>"; };
		29B97319FDCFA39411CA2CEA /* English */ = {isa = PBXFileReference; lastKnownFileType = wrapper.nib; name = English; path = English.lproj/MainMenu.nib; sourceTree = "<group>"; };
		29B97324FDCFA39411CA2CEA /* AppKit.framework */ = {isa = PBXFileReference; lastKnownFileType = wrapper.framework; name = AppKit.framework; path = /System/Library/Frameworks/AppKit.framework; sourceTree = "<absolute>"; };
		29B97325FDCFA39411CA2CEA /* Foundation.framework */ = {isa = PBXFileReference; lastKnownFileType = wrapper.framework; name = Foundation.framework; path = /System/Library/Frameworks/Foundation.framework; sourceTree = "<absolute>"; };
		E936528805A1E98F00FFBBD9 /* extensions */ = {isa = PBXFileReference; includeInIndex = 1; lastKnownFileType = file; name = extensions; path = ../extensions; sourceTree = "<absolute>"; };
		E936598D05A1EC9E00FFBBD9 /* TLily */ = {isa = PBXFileReference; includeInIndex = 1; lastKnownFileType = file; name = TLily; path = "..//lib/TLily"; sourceTree = "<absolute>"; };
		E93C6AD004D8F20200E20B96 /* Tigerlily.icns */ = {isa = PBXFileReference; lastKnownFileType = image.icns; path = Tigerlily.icns; sourceTree = "<group>"; };
		E9B6B33C05A2350500D0C4D2 /* tlily.global */ = {isa = PBXFileReference; fileEncoding = 30; lastKnownFileType = file; name = tlily.global; path = ../lib/tlily.global; sourceTree = "<absolute>"; };
		E9CC456205A23B120089078B /* tlily.PL */ = {isa = PBXFileReference; fileEncoding = 30; lastKnownFileType = file; name = tlily.PL; path = ../tlily.PL; sourceTree = "<absolute>"; };
		F55030FA026B86CD01A80164 /* English */ = {isa = PBXFileReference; lastKnownFileType = wrapper.nib; name = English; path = English.lproj/MainWindow.nib; sourceTree = "<group>"; };
		F5D5A3B2026B2D4801A80164 /* CamelBones.framework */ = {isa = PBXFileReference; lastKnownFileType = wrapper.framework; name = CamelBones.framework; path = /Library/Frameworks/CamelBones.framework; sourceTree = "<absolute>"; };
		F5D5A3B4026B2DF601A80164 /* main.pl */ = {isa = PBXFileReference; fileEncoding = 30; lastKnownFileType = text.script.perl; path = main.pl; sourceTree = "<group>"; };
		F5D5A3B6026B2EB001A80164 /* MyApp.pm */ = {isa = PBXFileReference; fileEncoding = 30; lastKnownFileType = text.script.perl; path = MyApp.pm; sourceTree = "<group>"; };
/* End PBXFileReference section */

/* Begin PBXFrameworksBuildPhase section */
		29B9732DFDCFA39411CA2CEA /* Frameworks */ = {
			isa = PBXFrameworksBuildPhase;
			buildActionMask = 2147483647;
			files = (
				1058C7A3FEA54F0111CA2CBB /* Cocoa.framework in Frameworks */,
				F5D5A3B3026B2D4801A80164 /* CamelBones.framework in Frameworks */,
			);
			runOnlyForDeploymentPostprocessing = 0;
		};
/* End PBXFrameworksBuildPhase section */

/* Begin PBXGroup section */
		080E96DDFE201D6D7F000001 /* Classes */ = {
			isa = PBXGroup;
			children = (
				F5D5A3B6026B2EB001A80164 /* MyApp.pm */,
			);
			name = Classes;
			sourceTree = "<group>";
		};
		1058C7A0FEA54F0111CA2CBB /* Linked Frameworks */ = {
			isa = PBXGroup;
			children = (
				1058C7A1FEA54F0111CA2CBB /* Cocoa.framework */,
				F5D5A3B2026B2D4801A80164 /* CamelBones.framework */,
			);
			name = "Linked Frameworks";
			sourceTree = "<group>";
		};
		1058C7A2FEA54F0111CA2CBB /* Other Frameworks */ = {
			isa = PBXGroup;
			children = (
				29B97325FDCFA39411CA2CEA /* Foundation.framework */,
				29B97324FDCFA39411CA2CEA /* AppKit.framework */,
			);
			name = "Other Frameworks";
			sourceTree = "<group>";
		};
		19C28FACFE9D520D11CA2CBB /* Products */ = {
			isa = PBXGroup;
			children = (
				17587328FF379C6511CA2CBB /* Tigerlily.app */,
			);
			name = Products;
			sourceTree = "<group>";
		};
		29B97314FDCFA39411CA2CEA /* Tigerlily */ = {
			isa = PBXGroup;
			children = (
				080E96DDFE201D6D7F000001 /* Classes */,
				29B97315FDCFA39411CA2CEA /* Other Sources */,
				29B97317FDCFA39411CA2CEA /* Resources */,
				29B97323FDCFA39411CA2CEA /* Frameworks */,
				19C28FACFE9D520D11CA2CBB /* Products */,
			);
			name = Tigerlily;
			sourceTree = "<group>";
		};
		29B97315FDCFA39411CA2CEA /* Other Sources */ = {
			isa = PBXGroup;
			children = (
				E936598D05A1EC9E00FFBBD9 /* TLily */,
				29B97316FDCFA39411CA2CEA /* main.m */,
				F5D5A3B4026B2DF601A80164 /* main.pl */,
				E936528805A1E98F00FFBBD9 /* extensions */,
				E9B6B33C05A2350500D0C4D2 /* tlily.global */,
				E9CC456205A23B120089078B /* tlily.PL */,
			);
			name = "Other Sources";
			sourceTree = "<group>";
		};
		29B97317FDCFA39411CA2CEA /* Resources */ = {
			isa = PBXGroup;
			children = (
				29B97318FDCFA39411CA2CEA /* MainMenu.nib */,
				F55030F9026B86CD01A80164 /* MainWindow.nib */,
				089C165CFE840E0CC02AAC07 /* InfoPlist.strings */,
				E93C6AD004D8F20200E20B96 /* Tigerlily.icns */,
			);
			name = Resources;
			sourceTree = "<group>";
		};
		29B97323FDCFA39411CA2CEA /* Frameworks */ = {
			isa = PBXGroup;
			children = (
				1058C7A0FEA54F0111CA2CBB /* Linked Frameworks */,
				1058C7A2FEA54F0111CA2CBB /* Other Frameworks */,
			);
			name = Frameworks;
			sourceTree = "<group>";
		};
/* End PBXGroup section */

/* Begin PBXHeadersBuildPhase section */
		29B97327FDCFA39411CA2CEA /* Headers */ = {
			isa = PBXHeadersBuildPhase;
			buildActionMask = 2147483647;
			files = (
			);
			runOnlyForDeploymentPostprocessing = 0;
		};
/* End PBXHeadersBuildPhase section */

/* Begin PBXProject section */
		29B97313FDCFA39411CA2CEA /* Project object */ = {
			isa = PBXProject;
			buildConfigurationList = AD507D740994FBA600B9E54A /* Build configuration list for PBXProject "Tigerlily" */;
			buildSettings = {
			};
			buildStyles = (
				4A9504CCFFE6A4B311CA0CBA /* Development */,
				4A9504CDFFE6A4B311CA0CBA /* Deployment */,
			);
			hasScannedForEncodings = 1;
			mainGroup = 29B97314FDCFA39411CA2CEA /* Tigerlily */;
			projectDirPath = "";
			targets = (
				29B97326FDCFA39411CA2CEA /* Tigerlily */,
			);
		};
/* End PBXProject section */

/* Begin PBXResourcesBuildPhase section */
		29B97328FDCFA39411CA2CEA /* Resources */ = {
			isa = PBXResourcesBuildPhase;
			buildActionMask = 2147483647;
			files = (
				080E96DCFE201CFB7F000001 /* MainMenu.nib in Resources */,
				089C165EFE840E0CC02AAC07 /* InfoPlist.strings in Resources */,
				F5D5A3B5026B2DF601A80164 /* main.pl in Resources */,
				F5D5A3B7026B2EB001A80164 /* MyApp.pm in Resources */,
				F55030FB026B86CD01A80164 /* MainWindow.nib in Resources */,
				E93C6AD104D8F20200E20B96 /* Tigerlily.icns in Resources */,
				E936541005A1E98F00FFBBD9 /* extensions in Resources */,
				E9365B3F05A1EC9E00FFBBD9 /* TLily in Resources */,
				E9B6B33D05A2350500D0C4D2 /* tlily.global in Resources */,
				E9CC456305A23B120089078B /* tlily.PL in Resources */,
			);
			runOnlyForDeploymentPostprocessing = 0;
		};
/* End PBXResourcesBuildPhase section */

/* Begin PBXSourcesBuildPhase section */
		29B9732BFDCFA39411CA2CEA /* Sources */ = {
			isa = PBXSourcesBuildPhase;
			buildActionMask = 2147483647;
			files = (
				29B9732CFDCFA39411CA2CEA /* main.m in Sources */,
			);
			runOnlyForDeploymentPostprocessing = 0;
		};
/* End PBXSourcesBuildPhase section */

/* Begin PBXVariantGroup section */
		089C165CFE840E0CC02AAC07 /* InfoPlist.strings */ = {
			isa = PBXVariantGroup;
			children = (
				089C165DFE840E0CC02AAC07 /* English */,
			);
			name = InfoPlist.strings;
			sourceTree = "<group>";
		};
		29B97318FDCFA39411CA2CEA /* MainMenu.nib */ = {
			isa = PBXVariantGroup;
			children = (
				29B97319FDCFA39411CA2CEA /* English */,
			);
			name = MainMenu.nib;
			sourceTree = "<group>";
		};
		F55030F9026B86CD01A80164 /* MainWindow.nib */ = {
			isa = PBXVariantGroup;
			children = (
				F55030FA026B86CD01A80164 /* English */,
			);
			name = MainWindow.nib;
			sourceTree = "<group>";
		};
/* End PBXVariantGroup section */

/* Begin XCBuildConfiguration section */
		AD507D710994FBA600B9E54A /* Development */ = {
			isa = XCBuildConfiguration;
			buildSettings = {
				COPY_PHASE_STRIP = NO;
				FRAMEWORK_SEARCH_PATHS = "";
				GCC_DYNAMIC_NO_PIC = NO;
				GCC_ENABLE_FIX_AND_CONTINUE = YES;
				GCC_GENERATE_DEBUGGING_SYMBOLS = YES;
				GCC_OPTIMIZATION_LEVEL = 0;
				HEADER_SEARCH_PATHS = "";
				LIBRARY_SEARCH_PATHS = "";
				OPTIMIZATION_CFLAGS = "-O0";
				OTHER_CFLAGS = "";
				OTHER_LDFLAGS = "";
				PRODUCT_NAME = Tigerlily;
				SECTORDER_FLAGS = "";
				WARNING_CFLAGS = (
					"-Wmost",
					"-Wno-four-char-constants",
					"-Wno-unknown-pragmas",
				);
				WRAPPER_EXTENSION = app;
				ZERO_LINK = YES;
			};
			name = Development;
		};
		AD507D720994FBA600B9E54A /* Deployment */ = {
			isa = XCBuildConfiguration;
			buildSettings = {
				COPY_PHASE_STRIP = YES;
				FRAMEWORK_SEARCH_PATHS = "";
				GCC_ENABLE_FIX_AND_CONTINUE = NO;
				HEADER_SEARCH_PATHS = "";
				LIBRARY_SEARCH_PATHS = "";
				OTHER_CFLAGS = "";
				OTHER_LDFLAGS = "";
				PRODUCT_NAME = Tigerlily;
				SECTORDER_FLAGS = "";
				WARNING_CFLAGS = (
					"-Wmost",
					"-Wno-four-char-constants",
					"-Wno-unknown-pragmas",
				);
				WRAPPER_EXTENSION = app;
				ZERO_LINK = NO;
			};
			name = Deployment;
		};
		AD507D730994FBA600B9E54A /* Default */ = {
			isa = XCBuildConfiguration;
			buildSettings = {
				FRAMEWORK_SEARCH_PATHS = "";
				HEADER_SEARCH_PATHS = "";
				LIBRARY_SEARCH_PATHS = "";
				OTHER_CFLAGS = "";
				OTHER_LDFLAGS = "";
				PRODUCT_NAME = Tigerlily;
				SECTORDER_FLAGS = "";
				WARNING_CFLAGS = (
					"-Wmost",
					"-Wno-four-char-constants",
					"-Wno-unknown-pragmas",
				);
				WRAPPER_EXTENSION = app;
			};
			name = Default;
		};
		AD507D750994FBA600B9E54A /* Development */ = {
			isa = XCBuildConfiguration;
			buildSettings = {
			};
			name = Development;
		};
		AD507D760994FBA600B9E54A /* Deployment */ = {
			isa = XCBuildConfiguration;
			buildSettings = {
			};
			name = Deployment;
		};
		AD507D770994FBA600B9E54A /* Default */ = {
			isa = XCBuildConfiguration;
			buildSettings = {
			};
			name = Default;
		};
/* End XCBuildConfiguration section */

/* Begin XCConfigurationList section */
		AD507D700994FBA600B9E54A /* Build configuration list for PBXApplicationTarget "Tigerlily" */ = {
			isa = XCConfigurationList;
			buildConfigurations = (
				AD507D710994FBA600B9E54A /* Development */,
				AD507D720994FBA600B9E54A /* Deployment */,
				AD507D730994FBA600B9E54A /* Default */,
			);
			defaultConfigurationIsVisible = 0;
			defaultConfigurationName = Default;
		};
		AD507D740994FBA600B9E54A /* Build configuration list for PBXProject "Tigerlily" */ = {
			isa = XCConfigurationList;
			buildConfigurations = (
				AD507D750994FBA600B9E54A /* Development */,
				AD507D760994FBA600B9E54A /* Deployment */,
				AD507D770994FBA600B9E54A /* Default */,
			);
			defaultConfigurationIsVisible = 0;
			defaultConfigurationName = Default;
		};
/* End XCConfigurationList section */
	};
	rootObject = 29B97313FDCFA39411CA2CEA /* Project object */;
}
